// !$*UTF8*$!
{
	archiveVersion = 1;
	classes = {
	};
	objectVersion = 50;
	objects = {

/* Begin PBXBuildFile section */
		CEAD624A26DCDE460077C99E /* AppDelegate.swift in Sources */ = {isa = PBXBuildFile; fileRef = CEAD624926DCDE460077C99E /* AppDelegate.swift */; };
		CEAD624C26DCDE460077C99E /* SceneDelegate.swift in Sources */ = {isa = PBXBuildFile; fileRef = CEAD624B26DCDE460077C99E /* SceneDelegate.swift */; };
		CEAD624E26DCDE460077C99E /* ViewController.swift in Sources */ = {isa = PBXBuildFile; fileRef = CEAD624D26DCDE460077C99E /* ViewController.swift */; };
		CEAD625126DCDE460077C99E /* Main.storyboard in Resources */ = {isa = PBXBuildFile; fileRef = CEAD624F26DCDE460077C99E /* Main.storyboard */; };
		CEAD625326DCDE480077C99E /* Assets.xcassets in Resources */ = {isa = PBXBuildFile; fileRef = CEAD625226DCDE480077C99E /* Assets.xcassets */; };
		CEAD625626DCDE480077C99E /* LaunchScreen.storyboard in Resources */ = {isa = PBXBuildFile; fileRef = CEAD625426DCDE480077C99E /* LaunchScreen.storyboard */; };
		CEAD625E26DCE0400077C99E /* TableVC.swift in Sources */ = {isa = PBXBuildFile; fileRef = CEAD625D26DCE0400077C99E /* TableVC.swift */; };
		CEAD626426DD5DDD0077C99E /* TableViewCell.swift in Sources */ = {isa = PBXBuildFile; fileRef = CEAD626326DD5DDD0077C99E /* TableViewCell.swift */; };
		CEAD626626DF64E90077C99E /* ConstantsImages.swift in Sources */ = {isa = PBXBuildFile; fileRef = CEAD626526DF64E90077C99E /* ConstantsImages.swift */; };
		CEAD626826DF67900077C99E /* Model.swift in Sources */ = {isa = PBXBuildFile; fileRef = CEAD626726DF67900077C99E /* Model.swift */; };
		CEAD626C26E0FE960077C99E /* HeaderTableView.swift in Sources */ = {isa = PBXBuildFile; fileRef = CEAD626B26E0FE960077C99E /* HeaderTableView.swift */; };
		CEAD626E26E22ECF0077C99E /* TitleTableView.swift in Sources */ = {isa = PBXBuildFile; fileRef = CEAD626D26E22ECF0077C99E /* TitleTableView.swift */; };
/* End PBXBuildFile section */

/* Begin PBXFileReference section */
		CEAD624626DCDE460077C99E /* tableInterface.app */ = {isa = PBXFileReference; explicitFileType = wrapper.application; includeInIndex = 0; path = tableInterface.app; sourceTree = BUILT_PRODUCTS_DIR; };
		CEAD624926DCDE460077C99E /* AppDelegate.swift */ = {isa = PBXFileReference; lastKnownFileType = sourcecode.swift; path = AppDelegate.swift; sourceTree = "<group>"; };
		CEAD624B26DCDE460077C99E /* SceneDelegate.swift */ = {isa = PBXFileReference; lastKnownFileType = sourcecode.swift; path = SceneDelegate.swift; sourceTree = "<group>"; };
		CEAD624D26DCDE460077C99E /* ViewController.swift */ = {isa = PBXFileReference; lastKnownFileType = sourcecode.swift; path = ViewController.swift; sourceTree = "<group>"; };
		CEAD625026DCDE460077C99E /* Base */ = {isa = PBXFileReference; lastKnownFileType = file.storyboard; name = Base; path = Base.lproj/Main.storyboard; sourceTree = "<group>"; };
		CEAD625226DCDE480077C99E /* Assets.xcassets */ = {isa = PBXFileReference; lastKnownFileType = folder.assetcatalog; path = Assets.xcassets; sourceTree = "<group>"; };
		CEAD625526DCDE480077C99E /* Base */ = {isa = PBXFileReference; lastKnownFileType = file.storyboard; name = Base; path = Base.lproj/LaunchScreen.storyboard; sourceTree = "<group>"; };
		CEAD625726DCDE480077C99E /* Info.plist */ = {isa = PBXFileReference; lastKnownFileType = text.plist.xml; path = Info.plist; sourceTree = "<group>"; };
		CEAD625D26DCE0400077C99E /* TableVC.swift */ = {isa = PBXFileReference; lastKnownFileType = sourcecode.swift; path = TableVC.swift; sourceTree = "<group>"; };
		CEAD626326DD5DDD0077C99E /* TableViewCell.swift */ = {isa = PBXFileReference; lastKnownFileType = sourcecode.swift; path = TableViewCell.swift; sourceTree = "<group>"; };
		CEAD626526DF64E90077C99E /* ConstantsImages.swift */ = {isa = PBXFileReference; lastKnownFileType = sourcecode.swift; path = ConstantsImages.swift; sourceTree = "<group>"; };
		CEAD626726DF67900077C99E /* Model.swift */ = {isa = PBXFileReference; lastKnownFileType = sourcecode.swift; path = Model.swift; sourceTree = "<group>"; };
		CEAD626B26E0FE960077C99E /* HeaderTableView.swift */ = {isa = PBXFileReference; lastKnownFileType = sourcecode.swift; path = HeaderTableView.swift; sourceTree = "<group>"; };
		CEAD626D26E22ECF0077C99E /* TitleTableView.swift */ = {isa = PBXFileReference; lastKnownFileType = sourcecode.swift; path = TitleTableView.swift; sourceTree = "<group>"; };
/* End PBXFileReference section */

/* Begin PBXFrameworksBuildPhase section */
		CEAD624326DCDE460077C99E /* Frameworks */ = {
			isa = PBXFrameworksBuildPhase;
			buildActionMask = 2147483647;
			files = (
			);
			runOnlyForDeploymentPostprocessing = 0;
		};
/* End PBXFrameworksBuildPhase section */

/* Begin PBXGroup section */
		CEAD623D26DCDE460077C99E = {
			isa = PBXGroup;
			children = (
				CEAD624826DCDE460077C99E /* tableInterface */,
				CEAD624726DCDE460077C99E /* Products */,
			);
			sourceTree = "<group>";
		};
		CEAD624726DCDE460077C99E /* Products */ = {
			isa = PBXGroup;
			children = (
				CEAD624626DCDE460077C99E /* tableInterface.app */,
			);
			name = Products;
			sourceTree = "<group>";
		};
		CEAD624826DCDE460077C99E /* tableInterface */ = {
			isa = PBXGroup;
			children = (
				CEAD624926DCDE460077C99E /* AppDelegate.swift */,
				CEAD624B26DCDE460077C99E /* SceneDelegate.swift */,
				CEAD625D26DCE0400077C99E /* TableVC.swift */,
				CEAD626326DD5DDD0077C99E /* TableViewCell.swift */,
				CEAD626D26E22ECF0077C99E /* TitleTableView.swift */,
				CEAD626B26E0FE960077C99E /* HeaderTableView.swift */,
				CEAD626726DF67900077C99E /* Model.swift */,
				CEAD626526DF64E90077C99E /* ConstantsImages.swift */,
				CEAD624D26DCDE460077C99E /* ViewController.swift */,
				CEAD624F26DCDE460077C99E /* Main.storyboard */,
				CEAD625226DCDE480077C99E /* Assets.xcassets */,
				CEAD625426DCDE480077C99E /* LaunchScreen.storyboard */,
				CEAD625726DCDE480077C99E /* Info.plist */,
			);
			path = tableInterface;
			sourceTree = "<group>";
		};
/* End PBXGroup section */

/* Begin PBXNativeTarget section */
		CEAD624526DCDE460077C99E /* tableInterface */ = {
			isa = PBXNativeTarget;
			buildConfigurationList = CEAD625A26DCDE480077C99E /* Build configuration list for PBXNativeTarget "tableInterface" */;
			buildPhases = (
				CEAD624226DCDE460077C99E /* Sources */,
				CEAD624326DCDE460077C99E /* Frameworks */,
				CEAD624426DCDE460077C99E /* Resources */,
			);
			buildRules = (
			);
			dependencies = (
			);
			name = tableInterface;
			productName = tableInterface;
			productReference = CEAD624626DCDE460077C99E /* tableInterface.app */;
			productType = "com.apple.product-type.application";
		};
/* End PBXNativeTarget section */

/* Begin PBXProject section */
		CEAD623E26DCDE460077C99E /* Project object */ = {
			isa = PBXProject;
			attributes = {
				LastSwiftUpdateCheck = 1250;
				LastUpgradeCheck = 1250;
				TargetAttributes = {
					CEAD624526DCDE460077C99E = {
						CreatedOnToolsVersion = 12.5.1;
					};
				};
			};
			buildConfigurationList = CEAD624126DCDE460077C99E /* Build configuration list for PBXProject "tableInterface" */;
			compatibilityVersion = "Xcode 9.3";
			developmentRegion = en;
			hasScannedForEncodings = 0;
			knownRegions = (
				en,
				Base,
			);
			mainGroup = CEAD623D26DCDE460077C99E;
			productRefGroup = CEAD624726DCDE460077C99E /* Products */;
			projectDirPath = "";
			projectRoot = "";
			targets = (
				CEAD624526DCDE460077C99E /* tableInterface */,
			);
		};
/* End PBXProject section */

/* Begin PBXResourcesBuildPhase section */
		CEAD624426DCDE460077C99E /* Resources */ = {
			isa = PBXResourcesBuildPhase;
			buildActionMask = 2147483647;
			files = (
				CEAD625626DCDE480077C99E /* LaunchScreen.storyboard in Resources */,
				CEAD625326DCDE480077C99E /* Assets.xcassets in Resources */,
				CEAD625126DCDE460077C99E /* Main.storyboard in Resources */,
			);
			runOnlyForDeploymentPostprocessing = 0;
		};
/* End PBXResourcesBuildPhase section */

/* Begin PBXSourcesBuildPhase section */
		CEAD624226DCDE460077C99E /* Sources */ = {
			isa = PBXSourcesBuildPhase;
			buildActionMask = 2147483647;
			files = (
				CEAD626826DF67900077C99E /* Model.swift in Sources */,
				CEAD625E26DCE0400077C99E /* TableVC.swift in Sources */,
				CEAD626626DF64E90077C99E /* ConstantsImages.swift in Sources */,
				CEAD624E26DCDE460077C99E /* ViewController.swift in Sources */,
				CEAD624A26DCDE460077C99E /* AppDelegate.swift in Sources */,
				CEAD626426DD5DDD0077C99E /* TableViewCell.swift in Sources */,
				CEAD626E26E22ECF0077C99E /* TitleTableView.swift in Sources */,
				CEAD624C26DCDE460077C99E /* SceneDelegate.swift in Sources */,
				CEAD626C26E0FE960077C99E /* HeaderTableView.swift in Sources */,
			);
			runOnlyForDeploymentPostprocessing = 0;
		};
/* End PBXSourcesBuildPhase section */

/* Begin PBXVariantGroup section */
		CEAD624F26DCDE460077C99E /* Main.storyboard */ = {
			isa = PBXVariantGroup;
			children = (
				CEAD625026DCDE460077C99E /* Base */,
			);
			name = Main.storyboard;
			sourceTree = "<group>";
		};
		CEAD625426DCDE480077C99E /* LaunchScreen.storyboard */ = {
			isa = PBXVariantGroup;
			children = (
				CEAD625526DCDE480077C99E /* Base */,
			);
			name = LaunchScreen.storyboard;
			sourceTree = "<group>";
		};
/* End PBXVariantGroup section */

/* Begin XCBuildConfiguration section */
		CEAD625826DCDE480077C99E /* Debug */ = {
			isa = XCBuildConfiguration;
			buildSettings = {
				ALWAYS_SEARCH_USER_PATHS = NO;
				CLANG_ANALYZER_NONNULL = YES;
				CLANG_ANALYZER_NUMBER_OBJECT_CONVERSION = YES_AGGRESSIVE;
				CLANG_CXX_LANGUAGE_STANDARD = "gnu++14";
				CLANG_CXX_LIBRARY = "libc++";
				CLANG_ENABLE_MODULES = YES;
				CLANG_ENABLE_OBJC_ARC = YES;
				CLANG_ENABLE_OBJC_WEAK = YES;
				CLANG_WARN_BLOCK_CAPTURE_AUTORELEASING = YES;
				CLANG_WARN_BOOL_CONVERSION = YES;
				CLANG_WARN_COMMA = YES;
				CLANG_WARN_CONSTANT_CONVERSION = YES;
				CLANG_WARN_DEPRECATED_OBJC_IMPLEMENTATIONS = YES;
				CLANG_WARN_DIRECT_OBJC_ISA_USAGE = YES_ERROR;
				CLANG_WARN_DOCUMENTATION_COMMENTS = YES;
				CLANG_WARN_EMPTY_BODY = YES;
				CLANG_WARN_ENUM_CONVERSION = YES;
				CLANG_WARN_INFINITE_RECURSION = YES;
				CLANG_WARN_INT_CONVERSION = YES;
				CLANG_WARN_NON_LITERAL_NULL_CONVERSION = YES;
				CLANG_WARN_OBJC_IMPLICIT_RETAIN_SELF = YES;
				CLANG_WARN_OBJC_LITERAL_CONVERSION = YES;
				CLANG_WARN_OBJC_ROOT_CLASS = YES_ERROR;
				CLANG_WARN_QUOTED_INCLUDE_IN_FRAMEWORK_HEADER = YES;
				CLANG_WARN_RANGE_LOOP_ANALYSIS = YES;
				CLANG_WARN_STRICT_PROTOTYPES = YES;
				CLANG_WARN_SUSPICIOUS_MOVE = YES;
				CLANG_WARN_UNGUARDED_AVAILABILITY = YES_AGGRESSIVE;
				CLANG_WARN_UNREACHABLE_CODE = YES;
				CLANG_WARN__DUPLICATE_METHOD_MATCH = YES;
				COPY_PHASE_STRIP = NO;
				DEBUG_INFORMATION_FORMAT = dwarf;
				ENABLE_STRICT_OBJC_MSGSEND = YES;
				ENABLE_TESTABILITY = YES;
				GCC_C_LANGUAGE_STANDARD = gnu11;
				GCC_DYNAMIC_NO_PIC = NO;
				GCC_NO_COMMON_BLOCKS = YES;
				GCC_OPTIMIZATION_LEVEL = 0;
				GCC_PREPROCESSOR_DEFINITIONS = (
					"DEBUG=1",
					"$(inherited)",
				);
				GCC_WARN_64_TO_32_BIT_CONVERSION = YES;
				GCC_WARN_ABOUT_RETURN_TYPE = YES_ERROR;
				GCC_WARN_UNDECLARED_SELECTOR = YES;
				GCC_WARN_UNINITIALIZED_AUTOS = YES_AGGRESSIVE;
				GCC_WARN_UNUSED_FUNCTION = YES;
				GCC_WARN_UNUSED_VARIABLE = YES;
				IPHONEOS_DEPLOYMENT_TARGET = 14.5;
				MTL_ENABLE_DEBUG_INFO = INCLUDE_SOURCE;
				MTL_FAST_MATH = YES;
				ONLY_ACTIVE_ARCH = YES;
				SDKROOT = iphoneos;
				SWIFT_ACTIVE_COMPILATION_CONDITIONS = DEBUG;
				SWIFT_OPTIMIZATION_LEVEL = "-Onone";
			};
			name = Debug;
		};
		CEAD625926DCDE480077C99E /* Release */ = {
			isa = XCBuildConfiguration;
			buildSettings = {
				ALWAYS_SEARCH_USER_PATHS = NO;
				CLANG_ANALYZER_NONNULL = YES;
				CLANG_ANALYZER_NUMBER_OBJECT_CONVERSION = YES_AGGRESSIVE;
				CLANG_CXX_LANGUAGE_STANDARD = "gnu++14";
				CLANG_CXX_LIBRARY = "libc++";
				CLANG_ENABLE_MODULES = YES;
				CLANG_ENABLE_OBJC_ARC = YES;
				CLANG_ENABLE_OBJC_WEAK = YES;
				CLANG_WARN_BLOCK_CAPTURE_AUTORELEASING = YES;
				CLANG_WARN_BOOL_CONVERSION = YES;
				CLANG_WARN_COMMA = YES;
				CLANG_WARN_CONSTANT_CONVERSION = YES;
				CLANG_WARN_DEPRECATED_OBJC_IMPLEMENTATIONS = YES;
				CLANG_WARN_DIRECT_OBJC_ISA_USAGE = YES_ERROR;
				CLANG_WARN_DOCUMENTATION_COMMENTS = YES;
				CLANG_WARN_EMPTY_BODY = YES;
				CLANG_WARN_ENUM_CONVERSION = YES;
				CLANG_WARN_INFINITE_RECURSION = YES;
				CLANG_WARN_INT_CONVERSION = YES;
				CLANG_WARN_NON_LITERAL_NULL_CONVERSION = YES;
				CLANG_WARN_OBJC_IMPLICIT_RETAIN_SELF = YES;
				CLANG_WARN_OBJC_LITERAL_CONVERSION = YES;
				CLANG_WARN_OBJC_ROOT_CLASS = YES_ERROR;
				CLANG_WARN_QUOTED_INCLUDE_IN_FRAMEWORK_HEADER = YES;
				CLANG_WARN_RANGE_LOOP_ANALYSIS = YES;
				CLANG_WARN_STRICT_PROTOTYPES = YES;
				CLANG_WARN_SUSPICIOUS_MOVE = YES;
				CLANG_WARN_UNGUARDED_AVAILABILITY = YES_AGGRESSIVE;
				CLANG_WARN_UNREACHABLE_CODE = YES;
				CLANG_WARN__DUPLICATE_METHOD_MATCH = YES;
				COPY_PHASE_STRIP = NO;
				DEBUG_INFORMATION_FORMAT = "dwarf-with-dsym";
				ENABLE_NS_ASSERTIONS = NO;
				ENABLE_STRICT_OBJC_MSGSEND = YES;
				GCC_C_LANGUAGE_STANDARD = gnu11;
				GCC_NO_COMMON_BLOCKS = YES;
				GCC_WARN_64_TO_32_BIT_CONVERSION = YES;
				GCC_WARN_ABOUT_RETURN_TYPE = YES_ERROR;
				GCC_WARN_UNDECLARED_SELECTOR = YES;
				GCC_WARN_UNINITIALIZED_AUTOS = YES_AGGRESSIVE;
				GCC_WARN_UNUSED_FUNCTION = YES;
				GCC_WARN_UNUSED_VARIABLE = YES;
				IPHONEOS_DEPLOYMENT_TARGET = 14.5;
				MTL_ENABLE_DEBUG_INFO = NO;
				MTL_FAST_MATH = YES;
				SDKROOT = iphoneos;
				SWIFT_COMPILATION_MODE = wholemodule;
				SWIFT_OPTIMIZATION_LEVEL = "-O";
				VALIDATE_PRODUCT = YES;
			};
			name = Release;
		};
		CEAD625B26DCDE480077C99E /* Debug */ = {
			isa = XCBuildConfiguration;
			buildSettings = {
				ASSETCATALOG_COMPILER_APPICON_NAME = AppIcon;
				ASSETCATALOG_COMPILER_GLOBAL_ACCENT_COLOR_NAME = AccentColor;
				CODE_SIGN_STYLE = Automatic;
				DEVELOPMENT_TEAM = DU5ASFCA7X;
				INFOPLIST_FILE = tableInterface/Info.plist;
				LD_RUNPATH_SEARCH_PATHS = (
					"$(inherited)",
					"@executable_path/Frameworks",
				);
				PRODUCT_BUNDLE_IDENTIFIER = "ojiubeptbuct-yandex.ru.tableInterface";
				PRODUCT_NAME = "$(TARGET_NAME)";
				SWIFT_VERSION = 5.0;
				TARGETED_DEVICE_FAMILY = "1,2";
			};
			name = Debug;
		};
		CEAD625C26DCDE480077C99E /* Release */ = {
			isa = XCBuildConfiguration;
			buildSettings = {
				ASSETCATALOG_COMPILER_APPICON_NAME = AppIcon;
				ASSETCATALOG_COMPILER_GLOBAL_ACCENT_COLOR_NAME = AccentColor;
				CODE_SIGN_STYLE = Automatic;
				DEVELOPMENT_TEAM = DU5ASFCA7X;
				INFOPLIST_FILE = tableInterface/Info.plist;
				LD_RUNPATH_SEARCH_PATHS = (
					"$(inherited)",
					"@executable_path/Frameworks",
				);
				PRODUCT_BUNDLE_IDENTIFIER = "ojiubeptbuct-yandex.ru.tableInterface";
				PRODUCT_NAME = "$(TARGET_NAME)";
				SWIFT_VERSION = 5.0;
				TARGETED_DEVICE_FAMILY = "1,2";
			};
			name = Release;
		};
/* End XCBuildConfiguration section */

/* Begin XCConfigurationList section */
		CEAD624126DCDE460077C99E /* Build configuration list for PBXProject "tableInterface" */ = {
			isa = XCConfigurationList;
			buildConfigurations = (
				CEAD625826DCDE480077C99E /* Debug */,
				CEAD625926DCDE480077C99E /* Release */,
			);
			defaultConfigurationIsVisible = 0;
			defaultConfigurationName = Release;
		};
		CEAD625A26DCDE480077C99E /* Build configuration list for PBXNativeTarget "tableInterface" */ = {
			isa = XCConfigurationList;
			buildConfigurations = (
				CEAD625B26DCDE480077C99E /* Debug */,
				CEAD625C26DCDE480077C99E /* Release */,
			);
			defaultConfigurationIsVisible = 0;
			defaultConfigurationName = Release;
		};
/* End XCConfigurationList section */
	};
	rootObject = CEAD623E26DCDE460077C99E /* Project object */;
}
